{
  "version": "2",
  "remote": {
    "https://deno.land/std@0.192.0/_util/asserts.ts": "178dfc49a464aee693a7e285567b3d0b555dc805ff490505a8aae34f9cfb1462",
    "https://deno.land/std@0.192.0/_util/os.ts": "d932f56d41e4f6a6093d56044e29ce637f8dcc43c5a90af43504a889cf1775e3",
    "https://deno.land/std@0.192.0/flags/mod.ts": "17f444ddbee43c5487568de0c6a076c7729cfe90d96d2ffcd2b8f8adadafb6e8",
    "https://deno.land/std@0.192.0/fmt/colors.ts": "d67e3cd9f472535241a8e410d33423980bec45047e343577554d3356e1f0ef4e",
    "https://deno.land/std@0.192.0/fs/exists.ts": "29c26bca8584a22876be7cb8844f1b6c8fc35e9af514576b78f5c6884d7ed02d",
    "https://deno.land/std@0.192.0/path/_constants.ts": "e49961f6f4f48039c0dfed3c3f93e963ca3d92791c9d478ac5b43183413136e0",
    "https://deno.land/std@0.192.0/path/_interface.ts": "6471159dfbbc357e03882c2266d21ef9afdb1e4aa771b0545e90db58a0ba314b",
    "https://deno.land/std@0.192.0/path/_util.ts": "d7abb1e0dea065f427b89156e28cdeb32b045870acdf865833ba808a73b576d0",
    "https://deno.land/std@0.192.0/path/common.ts": "ee7505ab01fd22de3963b64e46cff31f40de34f9f8de1fff6a1bd2fe79380000",
    "https://deno.land/std@0.192.0/path/glob.ts": "d479e0a695621c94d3fd7fe7abd4f9499caf32a8de13f25073451c6ef420a4e1",
    "https://deno.land/std@0.192.0/path/mod.ts": "f065032a7189404fdac3ad1a1551a9ac84751d2f25c431e101787846c86c79ef",
    "https://deno.land/std@0.192.0/path/posix.ts": "8b7c67ac338714b30c816079303d0285dd24af6b284f7ad63da5b27372a2c94d",
    "https://deno.land/std@0.192.0/path/separator.ts": "0fb679739d0d1d7bf45b68dacfb4ec7563597a902edbaf3c59b50d5bcadd93b1",
    "https://deno.land/std@0.192.0/path/win32.ts": "d186344e5583bcbf8b18af416d13d82b35a317116e6460a5a3953508c3de5bba",
    "https://deno.land/std@0.192.0/testing/_diff.ts": "1a3c044aedf77647d6cac86b798c6417603361b66b54c53331b312caeb447aea",
    "https://deno.land/std@0.192.0/testing/_format.ts": "a69126e8a469009adf4cf2a50af889aca364c349797e63174884a52ff75cf4c7",
    "https://deno.land/std@0.192.0/testing/asserts.ts": "e16d98b4d73ffc4ed498d717307a12500ae4f2cbe668f1a215632d19fcffc22f",
    "https://esm.sh/octokit@3.1.0?dts": "0a5e4a25a09af914767f00dbf37721e228a4c2d6be2f99046057081fff63c4b4",
    "https://esm.sh/v130/@octokit/app@14.0.0/denonext/app.mjs": "33165c2b195697c4c850515d9a55c837befe4b729cf2d926feaa23758059ff9b",
    "https://esm.sh/v130/@octokit/auth-app@6.0.0/denonext/auth-app.mjs": "3b630d88050b4beacbfd64459cc2698d2ea7ab4a05a3d09a15ede78908987769",
    "https://esm.sh/v130/@octokit/auth-oauth-app@7.0.0/denonext/auth-oauth-app.mjs": "223ad408e5b94264e6fc00995749edf1ad3c98a7a6d79a397f50ceb26f80811f",
    "https://esm.sh/v130/@octokit/auth-oauth-device@6.0.0/denonext/auth-oauth-device.mjs": "40adc505e45f38c4dabed342cb99f0efe6e52670795f85e2cdc08708602c0442",
    "https://esm.sh/v130/@octokit/auth-oauth-user@4.0.0/denonext/auth-oauth-user.mjs": "6a9bc490f4089712a851d4696c97a604843aa4f30c99a6aa4685e0e6d24384c8",
    "https://esm.sh/v130/@octokit/auth-token@4.0.0/denonext/auth-token.mjs": "ab9285959f2bc3ca7942bfb81df3e2f15f5895c829455156647faa403b75703b",
    "https://esm.sh/v130/@octokit/auth-unauthenticated@5.0.0/denonext/auth-unauthenticated.mjs": "5c2690a2af409c0e9abe13b6188fee74bd157f787ebbe8d2377813b696b2a74e",
    "https://esm.sh/v130/@octokit/core@5.0.0/denonext/core.mjs": "a67576db2283198a18f3789448745fb034a679a9aeabd8967d639c9fbb102b7b",
    "https://esm.sh/v130/@octokit/endpoint@9.0.0/denonext/endpoint.mjs": "8f3376d56c03775305f76b69982ea2971208da3ae9d632f867fba8850767fcac",
    "https://esm.sh/v130/@octokit/graphql@7.0.1/denonext/graphql.mjs": "16a7a94e43a71b802cba7a5a20e7787935968724b4b2087022603f4569ed6795",
    "https://esm.sh/v130/@octokit/oauth-app@6.0.0/denonext/oauth-app.mjs": "95bf954d76ac9ffb9646fbb5ca1cb7c281a232fbc6cc2f39f186434785a8f5e2",
    "https://esm.sh/v130/@octokit/oauth-authorization-url@6.0.2/denonext/oauth-authorization-url.mjs": "c4a3809c1092ab4135bbb65ba82e885b915a3e0b68e8c9554c98766388baa399",
    "https://esm.sh/v130/@octokit/oauth-methods@4.0.0/denonext/oauth-methods.mjs": "64c6b6284877a0138489d8d09bcde4162d93e13e48dfc94a9c7674802d175e2a",
    "https://esm.sh/v130/@octokit/plugin-paginate-graphql@4.0.0/denonext/plugin-paginate-graphql.mjs": "6d2abafdadec31dc3afb9308c18a44b51b834357011d67dce611817196ac032f",
    "https://esm.sh/v130/@octokit/plugin-paginate-rest@8.0.0/denonext/plugin-paginate-rest.mjs": "8ed6e17dcb65d460c99fe3c3133c20b566fa2c7c4aedcf931e795ea2ca46e24f",
    "https://esm.sh/v130/@octokit/plugin-rest-endpoint-methods@9.0.0/denonext/plugin-rest-endpoint-methods.mjs": "84a5baa44ee16c3ffe9347291fbc106aefa5e57c48b31eacf6bb0ca60b7ad5cd",
    "https://esm.sh/v130/@octokit/plugin-retry@6.0.0/denonext/plugin-retry.mjs": "a7864a91e29c03f1b6e2f294a5f230af9f5b73cefdd8530523be2ba6add99cf9",
    "https://esm.sh/v130/@octokit/plugin-throttling@7.0.0/denonext/plugin-throttling.mjs": "16a4fe9456b3b3e3d39af7eae7d7c687172fd9913bfebf9d1e3c7aa23a799f7b",
    "https://esm.sh/v130/@octokit/request-error@5.0.0/denonext/request-error.mjs": "1117ebe6d8443b5b9dedd78d9ee62aebc806b5bab1035f7f3a291c180786c5c2",
    "https://esm.sh/v130/@octokit/request@8.1.1/denonext/request.mjs": "b6f3b8209e14cab60f1791858f4cda15b972e4c341331d1e1b877dbe57ef4563",
    "https://esm.sh/v130/@octokit/webhooks-methods@4.0.0/denonext/webhooks-methods.mjs": "b44d80a07e6e698c95a2fc2789e2caf10b4ff821300e947b2e79c449453a7a19",
    "https://esm.sh/v130/@octokit/webhooks@12.0.3/denonext/webhooks.mjs": "87655dc9ac500cfd067ebea6e75e701d5b21ceee587bb6aeeea9f915bdbaf87e",
    "https://esm.sh/v130/aggregate-error@3.1.0/denonext/aggregate-error.mjs": "b762d7653d7f9d84cac4277e8be4cff45bfa98679da29bcf06510f1e8194e588",
    "https://esm.sh/v130/before-after-hook@2.2.3/denonext/before-after-hook.mjs": "f4262d059d899d7fcaa8d903bcf352df38ac1c040bb45273d79de200ffdad267",
    "https://esm.sh/v130/bottleneck@2.19.5/denonext/light.js": "964cbaaa1bf999d34a2410023ae269f921c82c72009c707a1fd02fb6abad5b1d",
    "https://esm.sh/v130/btoa-lite@1.0.0/denonext/btoa-lite.mjs": "5f8ecdf77c8824225e30cf84b62ded0fa667ef51fe1a8b772b1ddf46410bf78f",
    "https://esm.sh/v130/clean-stack@2.2.0/denonext/clean-stack.mjs": "8a2732fd195c0663d9f8a3957932215f3d4cb45dbe2f4747c9f39a966a4f067b",
    "https://esm.sh/v130/deprecation@2.3.1/denonext/deprecation.mjs": "0bf7139d1068345709e59dddb4daea315691d290a8c896a6e076dea02dd66eaf",
    "https://esm.sh/v130/indent-string@4.0.0/denonext/indent-string.mjs": "de4038b836a42fe2a7c453bd0b44cdae706a9560bbef99b1857c13f9d55ace14",
    "https://esm.sh/v130/is-plain-object@5.0.0/denonext/is-plain-object.mjs": "6d9568ddc8b90de99a46c63e14984810280b6b021dc4e478803b3c240811985f",
    "https://esm.sh/v130/lru-cache@10.0.0/denonext/lru-cache.mjs": "07c4092705d4cd15c57cd7c04de101373d67c2b2440ff668644e73fa46e443a1",
    "https://esm.sh/v130/octokit@3.1.0/denonext/octokit.mjs": "be8a860003af18d7bebc95caf34545d3e3fb8231bd4d16ace70006f35046dca3",
    "https://esm.sh/v130/once@1.4.0/denonext/once.mjs": "8810636c37400f0a07585e1111e4cdd6dd16647aa8f4e7bca357383c291cfe2e",
    "https://esm.sh/v130/universal-github-app-jwt@1.1.1/denonext/universal-github-app-jwt.mjs": "546280ef9d50e167172bc039c0c2f4348a728ae1732f467af726b08491d2ea18",
    "https://esm.sh/v130/universal-user-agent@6.0.0/denonext/universal-user-agent.mjs": "2969647abd054007e6d838dd2ecc7de9c513c18c43322dfa3de57eec8d2d6447",
    "https://esm.sh/v130/wrappy@1.0.2/denonext/wrappy.mjs": "3c31e4782e0307cf56b319fcec6110f925dafe6cb47a8fa23350d480f5fa8b06"
  }
}
